
Microsoft Visual Studio Solution File, Format Version 12.00
# Visual Studio Version 17
VisualStudioVersion = 17.1.32127.271
MinimumVisualStudioVersion = 10.0.40219.1
Project("{2150E333-8FDC-42A3-9474-1A3956D46DE8}") = "src", "src", "{438C928E-FBB5-45B2-9CD2-7ED3341AC75E}"
	ProjectSection(SolutionItems) = preProject
		src\Directory.Build.props = src\Directory.Build.props
	EndProjectSection
EndProject
Project("{9A19103F-16F7-4668-BE54-9A1E7A4F7556}") = "Mediator.SourceGenerator", "src\Mediator.SourceGenerator\Mediator.SourceGenerator.csproj", "{D3F185A5-0145-4333-8CFF-548E3BD478DE}"
EndProject
Project("{2150E333-8FDC-42A3-9474-1A3956D46DE8}") = "test", "test", "{ED1809FC-733B-4D9E-8FEE-70D3BB0BBD84}"
	ProjectSection(SolutionItems) = preProject
		test\Directory.Build.props = test\Directory.Build.props
	EndProjectSection
EndProject
Project("{9A19103F-16F7-4668-BE54-9A1E7A4F7556}") = "Mediator.Tests", "test\Mediator.Tests\Mediator.Tests.csproj", "{488A6892-3435-4E72-9B74-A847F2E4197F}"
EndProject
Project("{9A19103F-16F7-4668-BE54-9A1E7A4F7556}") = "Mediator", "src\Mediator\Mediator.csproj", "{DFB554A5-48A4-4C69-A857-1080B6CE89F9}"
EndProject
Project("{2150E333-8FDC-42A3-9474-1A3956D46DE8}") = "samples", "samples", "{D3569CDD-7E19-429E-B9AD-75CC05F6C4AA}"
EndProject
Project("{9A19103F-16F7-4668-BE54-9A1E7A4F7556}") = "SimpleConsole", "samples\SimpleConsole\SimpleConsole.csproj", "{75548DF7-A07C-41BB-A589-50EF296837EC}"
EndProject
Project("{2150E333-8FDC-42A3-9474-1A3956D46DE8}") = "benchmarks", "benchmarks", "{0F5E1C71-66E0-4285-B861-184E5B6C841A}"
	ProjectSection(SolutionItems) = preProject
		benchmarks\README.md = benchmarks\README.md
	EndProjectSection
EndProject
Project("{9A19103F-16F7-4668-BE54-9A1E7A4F7556}") = "Mediator.Benchmarks", "benchmarks\Mediator.Benchmarks\Mediator.Benchmarks.csproj", "{A1E16465-9155-4957-BB97-ADCCF1648958}"
EndProject
Project("{2150E333-8FDC-42A3-9474-1A3956D46DE8}") = "ASPNET_Core_CleanArchitecture", "ASPNET_Core_CleanArchitecture", "{B0120C11-5024-491A-B3AD-821E1D2CD8F2}"
	ProjectSection(SolutionItems) = preProject
		samples\ASPNET_Core_CleanArchitecture\README.md = samples\ASPNET_Core_CleanArchitecture\README.md
	EndProjectSection
EndProject
Project("{9A19103F-16F7-4668-BE54-9A1E7A4F7556}") = "AspNetCoreSample.Api", "samples\ASPNET_Core_CleanArchitecture\AspNetCoreSample.Api\AspNetCoreSample.Api.csproj", "{05746941-ABD5-46C6-9E9A-9B107F6B0076}"
EndProject
Project("{9A19103F-16F7-4668-BE54-9A1E7A4F7556}") = "AspNetCoreSample.Application", "samples\ASPNET_Core_CleanArchitecture\AspNetCoreSample.Application\AspNetCoreSample.Application.csproj", "{BEF59A60-ED18-4F08-A0A4-F99D64F71E18}"
EndProject
Project("{9A19103F-16F7-4668-BE54-9A1E7A4F7556}") = "AspNetCoreSample.Domain", "samples\ASPNET_Core_CleanArchitecture\AspNetCoreSample.Domain\AspNetCoreSample.Domain.csproj", "{E98D92E0-2029-47D8-9EEE-E3A19DF9354A}"
EndProject
Project("{9A19103F-16F7-4668-BE54-9A1E7A4F7556}") = "Mediator.SourceGenerator.Roslyn38.Tests", "test\Mediator.SourceGenerator.Roslyn38.Tests\Mediator.SourceGenerator.Roslyn38.Tests.csproj", "{A36EE34F-9EA1-460E-841F-C84BC603929B}"
EndProject
Project("{9A19103F-16F7-4668-BE54-9A1E7A4F7556}") = "SimpleConsoleAOT", "samples\SimpleConsoleAOT\SimpleConsoleAOT.csproj", "{45FC79C1-76EB-4B30-B54F-DD1762BA15EE}"
EndProject
Project("{9A19103F-16F7-4668-BE54-9A1E7A4F7556}") = "AspNetCoreSample.Infrastructure", "samples\ASPNET_Core_CleanArchitecture\AspNetCoreSample.Infrastructure\AspNetCoreSample.Infrastructure.csproj", "{CE5A582D-3CC6-44D7-AF3F-CD741BA53833}"
EndProject
Project("{9A19103F-16F7-4668-BE54-9A1E7A4F7556}") = "SimpleEndToEnd", "samples\SimpleEndToEnd\SimpleEndToEnd.csproj", "{B9E8DA69-C6FA-446F-B949-EF48856551D8}"
EndProject
Project("{2150E333-8FDC-42A3-9474-1A3956D46DE8}") = "_files", "_files", "{FDAEEFFB-30BC-4BC2-9E76-2F98D801FC34}"
	ProjectSection(SolutionItems) = preProject
		.csharpierrc.json = .csharpierrc.json
		.editorconfig = .editorconfig
		.gitattributes = .gitattributes
		.gitignore = .gitignore
		Build.csproj = Build.csproj
		Directory.Build.props = Directory.Build.props
		global.json = global.json
		LICENSE = LICENSE
		NuGet.config = NuGet.config
		README.md = README.md
		version.json = version.json
	EndProjectSection
EndProject
Project("{9A19103F-16F7-4668-BE54-9A1E7A4F7556}") = "Mediator.Tests.TransientLifetime", "test\Mediator.Tests.TransientLifetime\Mediator.Tests.TransientLifetime.csproj", "{4C18FD08-BCE4-4C6A-9D84-9A81C4561586}"
EndProject
Project("{9A19103F-16F7-4668-BE54-9A1E7A4F7556}") = "Mediator.Tests.ScopedLifetime", "test\Mediator.Tests.ScopedLifetime\Mediator.Tests.ScopedLifetime.csproj", "{6FC1A2EC-7178-4A3E-93DF-1ABDF09F4943}"
EndProject
Project("{9A19103F-16F7-4668-BE54-9A1E7A4F7556}") = "SimpleStreaming", "samples\SimpleStreaming\SimpleStreaming.csproj", "{D24BCAD4-0C17-40D0-8ADC-B8A5E8700047}"
EndProject
Project("{9A19103F-16F7-4668-BE54-9A1E7A4F7556}") = "ASPNET_Core", "samples\ASPNET_Core\ASPNET_Core.csproj", "{35D4B136-E164-48A3-ADC3-E22237CCDC9C}"
EndProject
Project("{9A19103F-16F7-4668-BE54-9A1E7A4F7556}") = "Mediator.SourceGenerator.Roslyn38", "src\Mediator.SourceGenerator.Roslyn38\Mediator.SourceGenerator.Roslyn38.csproj", "{FCB31060-4C23-4BB7-9A95-4C636B43F6B5}"
EndProject
Project("{9A19103F-16F7-4668-BE54-9A1E7A4F7556}") = "Mediator.SourceGenerator.Roslyn40", "src\Mediator.SourceGenerator.Roslyn40\Mediator.SourceGenerator.Roslyn40.csproj", "{C5AD8C4D-D731-4DDD-96BD-A6776A1FF20E}"
EndProject
Project("{9A19103F-16F7-4668-BE54-9A1E7A4F7556}") = "Mediator.SourceGenerator.Implementation", "src\Mediator.SourceGenerator.Implementation\Mediator.SourceGenerator.Implementation.csproj", "{22984D49-8DDF-4263-8375-D018643E44B2}"
EndProject
Project("{9A19103F-16F7-4668-BE54-9A1E7A4F7556}") = "Mediator.SourceGenerator.Roslyn40.Tests", "test\Mediator.SourceGenerator.Roslyn40.Tests\Mediator.SourceGenerator.Roslyn40.Tests.csproj", "{E4EE80C5-179C-4483-9E91-3107B3E1CD5A}"
EndProject
Project("{9A19103F-16F7-4668-BE54-9A1E7A4F7556}") = "Mediator.SmokeTestConsole", "test\Mediator.SmokeTestConsole\Mediator.SmokeTestConsole.csproj", "{65D8C0F8-E4CF-452D-86FB-482FE63C7C89}"
EndProject
Project("{9A19103F-16F7-4668-BE54-9A1E7A4F7556}") = "Mediator.MemAllocationTests", "test\Mediator.MemAllocationTests\Mediator.MemAllocationTests.csproj", "{EECFACC8-E841-4EF5-A1D7-A64C84B7DBCD}"
EndProject
Project("{9A19103F-16F7-4668-BE54-9A1E7A4F7556}") = "Mediator.Tests.Common", "test\Mediator.Tests.Common\Mediator.Tests.Common.csproj", "{32DC3B96-7E6E-40B0-AA12-40656B2D0381}"
EndProject
Project("{9A19103F-16F7-4668-BE54-9A1E7A4F7556}") = "Mediator.Samples.SourceGenerator.Tests", "test\Mediator.Samples.SourceGenerator.Tests\Mediator.Samples.SourceGenerator.Tests.csproj", "{8625B7F2-F974-47E7-ABF1-C75AB9C305B2}"
EndProject
Project("{9A19103F-16F7-4668-BE54-9A1E7A4F7556}") = "Mediator.Benchmarks.Large", "benchmarks\Mediator.Benchmarks.Large\Mediator.Benchmarks.Large.csproj", "{19078764-4D01-403D-9806-7842AF257FFF}"
EndProject
Project("{2150E333-8FDC-42A3-9474-1A3956D46DE8}") = "ASPNET_Core_Indirect", "ASPNET_Core_Indirect", "{BC759BA5-C064-460E-ACB0-9B2DA12B9284}"
	ProjectSection(SolutionItems) = preProject
		samples\ASPNET_Core_Indirect\README.md = samples\ASPNET_Core_Indirect\README.md
		samples\ASPNET_Core_Indirect\get-weather-forecast.http = samples\ASPNET_Core_Indirect\get-weather-forecast.http
	EndProjectSection
EndProject
Project("{FAE04EC0-301F-11D3-BF4B-00C04F79EFBC}") = "AspNetCoreIndirect.BaseClasses", "samples\ASPNET_Core_Indirect\AspNetCoreIndirect.BaseClasses\AspNetCoreIndirect.BaseClasses.csproj", "{EBB07938-94A7-4349-9D0F-F2A6088EB42E}"
EndProject
Project("{FAE04EC0-301F-11D3-BF4B-00C04F79EFBC}") = "AspNetCoreIndirect.Application", "samples\ASPNET_Core_Indirect\AspNetCoreIndirect.Application\AspNetCoreIndirect.Application.csproj", "{DB9A7862-14B1-4DAC-878C-D6B02038F068}"
EndProject
Project("{FAE04EC0-301F-11D3-BF4B-00C04F79EFBC}") = "AspNetCoreIndirect.Implementations", "samples\ASPNET_Core_Indirect\AspNetCoreIndirect.Implementations\AspNetCoreIndirect.Implementations.csproj", "{7F7DB4D8-3D94-4648-99FA-E7E06A913FCD}"
EndProject
Global
	GlobalSection(SolutionConfigurationPlatforms) = preSolution
		Debug|Any CPU = Debug|Any CPU
		Debug|x64 = Debug|x64
		Debug|x86 = Debug|x86
		Release|Any CPU = Release|Any CPU
		Release|x64 = Release|x64
		Release|x86 = Release|x86
	EndGlobalSection
	GlobalSection(ProjectConfigurationPlatforms) = postSolution
		{D3F185A5-0145-4333-8CFF-548E3BD478DE}.Debug|Any CPU.ActiveCfg = Debug|Any CPU
		{D3F185A5-0145-4333-8CFF-548E3BD478DE}.Debug|Any CPU.Build.0 = Debug|Any CPU
		{D3F185A5-0145-4333-8CFF-548E3BD478DE}.Debug|x64.ActiveCfg = Debug|Any CPU
		{D3F185A5-0145-4333-8CFF-548E3BD478DE}.Debug|x64.Build.0 = Debug|Any CPU
		{D3F185A5-0145-4333-8CFF-548E3BD478DE}.Debug|x86.ActiveCfg = Debug|Any CPU
		{D3F185A5-0145-4333-8CFF-548E3BD478DE}.Debug|x86.Build.0 = Debug|Any CPU
		{D3F185A5-0145-4333-8CFF-548E3BD478DE}.Release|Any CPU.ActiveCfg = Release|Any CPU
		{D3F185A5-0145-4333-8CFF-548E3BD478DE}.Release|Any CPU.Build.0 = Release|Any CPU
		{D3F185A5-0145-4333-8CFF-548E3BD478DE}.Release|x64.ActiveCfg = Release|Any CPU
		{D3F185A5-0145-4333-8CFF-548E3BD478DE}.Release|x64.Build.0 = Release|Any CPU
		{D3F185A5-0145-4333-8CFF-548E3BD478DE}.Release|x86.ActiveCfg = Release|Any CPU
		{D3F185A5-0145-4333-8CFF-548E3BD478DE}.Release|x86.Build.0 = Release|Any CPU
		{488A6892-3435-4E72-9B74-A847F2E4197F}.Debug|Any CPU.ActiveCfg = Debug|Any CPU
		{488A6892-3435-4E72-9B74-A847F2E4197F}.Debug|Any CPU.Build.0 = Debug|Any CPU
		{488A6892-3435-4E72-9B74-A847F2E4197F}.Debug|x64.ActiveCfg = Debug|Any CPU
		{488A6892-3435-4E72-9B74-A847F2E4197F}.Debug|x64.Build.0 = Debug|Any CPU
		{488A6892-3435-4E72-9B74-A847F2E4197F}.Debug|x86.ActiveCfg = Debug|Any CPU
		{488A6892-3435-4E72-9B74-A847F2E4197F}.Debug|x86.Build.0 = Debug|Any CPU
		{488A6892-3435-4E72-9B74-A847F2E4197F}.Release|Any CPU.ActiveCfg = Release|Any CPU
		{488A6892-3435-4E72-9B74-A847F2E4197F}.Release|Any CPU.Build.0 = Release|Any CPU
		{488A6892-3435-4E72-9B74-A847F2E4197F}.Release|x64.ActiveCfg = Release|Any CPU
		{488A6892-3435-4E72-9B74-A847F2E4197F}.Release|x64.Build.0 = Release|Any CPU
		{488A6892-3435-4E72-9B74-A847F2E4197F}.Release|x86.ActiveCfg = Release|Any CPU
		{488A6892-3435-4E72-9B74-A847F2E4197F}.Release|x86.Build.0 = Release|Any CPU
		{DFB554A5-48A4-4C69-A857-1080B6CE89F9}.Debug|Any CPU.ActiveCfg = Debug|Any CPU
		{DFB554A5-48A4-4C69-A857-1080B6CE89F9}.Debug|Any CPU.Build.0 = Debug|Any CPU
		{DFB554A5-48A4-4C69-A857-1080B6CE89F9}.Debug|x64.ActiveCfg = Debug|Any CPU
		{DFB554A5-48A4-4C69-A857-1080B6CE89F9}.Debug|x64.Build.0 = Debug|Any CPU
		{DFB554A5-48A4-4C69-A857-1080B6CE89F9}.Debug|x86.ActiveCfg = Debug|Any CPU
		{DFB554A5-48A4-4C69-A857-1080B6CE89F9}.Debug|x86.Build.0 = Debug|Any CPU
		{DFB554A5-48A4-4C69-A857-1080B6CE89F9}.Release|Any CPU.ActiveCfg = Release|Any CPU
		{DFB554A5-48A4-4C69-A857-1080B6CE89F9}.Release|Any CPU.Build.0 = Release|Any CPU
		{DFB554A5-48A4-4C69-A857-1080B6CE89F9}.Release|x64.ActiveCfg = Release|Any CPU
		{DFB554A5-48A4-4C69-A857-1080B6CE89F9}.Release|x64.Build.0 = Release|Any CPU
		{DFB554A5-48A4-4C69-A857-1080B6CE89F9}.Release|x86.ActiveCfg = Release|Any CPU
		{DFB554A5-48A4-4C69-A857-1080B6CE89F9}.Release|x86.Build.0 = Release|Any CPU
		{75548DF7-A07C-41BB-A589-50EF296837EC}.Debug|Any CPU.ActiveCfg = Debug|Any CPU
		{75548DF7-A07C-41BB-A589-50EF296837EC}.Debug|Any CPU.Build.0 = Debug|Any CPU
		{75548DF7-A07C-41BB-A589-50EF296837EC}.Debug|x64.ActiveCfg = Debug|Any CPU
		{75548DF7-A07C-41BB-A589-50EF296837EC}.Debug|x64.Build.0 = Debug|Any CPU
		{75548DF7-A07C-41BB-A589-50EF296837EC}.Debug|x86.ActiveCfg = Debug|Any CPU
		{75548DF7-A07C-41BB-A589-50EF296837EC}.Debug|x86.Build.0 = Debug|Any CPU
		{75548DF7-A07C-41BB-A589-50EF296837EC}.Release|Any CPU.ActiveCfg = Release|Any CPU
		{75548DF7-A07C-41BB-A589-50EF296837EC}.Release|Any CPU.Build.0 = Release|Any CPU
		{75548DF7-A07C-41BB-A589-50EF296837EC}.Release|x64.ActiveCfg = Release|Any CPU
		{75548DF7-A07C-41BB-A589-50EF296837EC}.Release|x64.Build.0 = Release|Any CPU
		{75548DF7-A07C-41BB-A589-50EF296837EC}.Release|x86.ActiveCfg = Release|Any CPU
		{75548DF7-A07C-41BB-A589-50EF296837EC}.Release|x86.Build.0 = Release|Any CPU
		{A1E16465-9155-4957-BB97-ADCCF1648958}.Debug|Any CPU.ActiveCfg = Debug|Any CPU
		{A1E16465-9155-4957-BB97-ADCCF1648958}.Debug|Any CPU.Build.0 = Debug|Any CPU
		{A1E16465-9155-4957-BB97-ADCCF1648958}.Debug|x64.ActiveCfg = Debug|Any CPU
		{A1E16465-9155-4957-BB97-ADCCF1648958}.Debug|x64.Build.0 = Debug|Any CPU
		{A1E16465-9155-4957-BB97-ADCCF1648958}.Debug|x86.ActiveCfg = Debug|Any CPU
		{A1E16465-9155-4957-BB97-ADCCF1648958}.Debug|x86.Build.0 = Debug|Any CPU
		{A1E16465-9155-4957-BB97-ADCCF1648958}.Release|Any CPU.ActiveCfg = Release|Any CPU
		{A1E16465-9155-4957-BB97-ADCCF1648958}.Release|Any CPU.Build.0 = Release|Any CPU
		{A1E16465-9155-4957-BB97-ADCCF1648958}.Release|x64.ActiveCfg = Release|Any CPU
		{A1E16465-9155-4957-BB97-ADCCF1648958}.Release|x64.Build.0 = Release|Any CPU
		{A1E16465-9155-4957-BB97-ADCCF1648958}.Release|x86.ActiveCfg = Release|Any CPU
		{A1E16465-9155-4957-BB97-ADCCF1648958}.Release|x86.Build.0 = Release|Any CPU
		{05746941-ABD5-46C6-9E9A-9B107F6B0076}.Debug|Any CPU.ActiveCfg = Debug|Any CPU
		{05746941-ABD5-46C6-9E9A-9B107F6B0076}.Debug|Any CPU.Build.0 = Debug|Any CPU
		{05746941-ABD5-46C6-9E9A-9B107F6B0076}.Debug|x64.ActiveCfg = Debug|Any CPU
		{05746941-ABD5-46C6-9E9A-9B107F6B0076}.Debug|x64.Build.0 = Debug|Any CPU
		{05746941-ABD5-46C6-9E9A-9B107F6B0076}.Debug|x86.ActiveCfg = Debug|Any CPU
		{05746941-ABD5-46C6-9E9A-9B107F6B0076}.Debug|x86.Build.0 = Debug|Any CPU
		{05746941-ABD5-46C6-9E9A-9B107F6B0076}.Release|Any CPU.ActiveCfg = Release|Any CPU
		{05746941-ABD5-46C6-9E9A-9B107F6B0076}.Release|Any CPU.Build.0 = Release|Any CPU
		{05746941-ABD5-46C6-9E9A-9B107F6B0076}.Release|x64.ActiveCfg = Release|Any CPU
		{05746941-ABD5-46C6-9E9A-9B107F6B0076}.Release|x64.Build.0 = Release|Any CPU
		{05746941-ABD5-46C6-9E9A-9B107F6B0076}.Release|x86.ActiveCfg = Release|Any CPU
		{05746941-ABD5-46C6-9E9A-9B107F6B0076}.Release|x86.Build.0 = Release|Any CPU
		{BEF59A60-ED18-4F08-A0A4-F99D64F71E18}.Debug|Any CPU.ActiveCfg = Debug|Any CPU
		{BEF59A60-ED18-4F08-A0A4-F99D64F71E18}.Debug|Any CPU.Build.0 = Debug|Any CPU
		{BEF59A60-ED18-4F08-A0A4-F99D64F71E18}.Debug|x64.ActiveCfg = Debug|Any CPU
		{BEF59A60-ED18-4F08-A0A4-F99D64F71E18}.Debug|x64.Build.0 = Debug|Any CPU
		{BEF59A60-ED18-4F08-A0A4-F99D64F71E18}.Debug|x86.ActiveCfg = Debug|Any CPU
		{BEF59A60-ED18-4F08-A0A4-F99D64F71E18}.Debug|x86.Build.0 = Debug|Any CPU
		{BEF59A60-ED18-4F08-A0A4-F99D64F71E18}.Release|Any CPU.ActiveCfg = Release|Any CPU
		{BEF59A60-ED18-4F08-A0A4-F99D64F71E18}.Release|Any CPU.Build.0 = Release|Any CPU
		{BEF59A60-ED18-4F08-A0A4-F99D64F71E18}.Release|x64.ActiveCfg = Release|Any CPU
		{BEF59A60-ED18-4F08-A0A4-F99D64F71E18}.Release|x64.Build.0 = Release|Any CPU
		{BEF59A60-ED18-4F08-A0A4-F99D64F71E18}.Release|x86.ActiveCfg = Release|Any CPU
		{BEF59A60-ED18-4F08-A0A4-F99D64F71E18}.Release|x86.Build.0 = Release|Any CPU
		{E98D92E0-2029-47D8-9EEE-E3A19DF9354A}.Debug|Any CPU.ActiveCfg = Debug|Any CPU
		{E98D92E0-2029-47D8-9EEE-E3A19DF9354A}.Debug|Any CPU.Build.0 = Debug|Any CPU
		{E98D92E0-2029-47D8-9EEE-E3A19DF9354A}.Debug|x64.ActiveCfg = Debug|Any CPU
		{E98D92E0-2029-47D8-9EEE-E3A19DF9354A}.Debug|x64.Build.0 = Debug|Any CPU
		{E98D92E0-2029-47D8-9EEE-E3A19DF9354A}.Debug|x86.ActiveCfg = Debug|Any CPU
		{E98D92E0-2029-47D8-9EEE-E3A19DF9354A}.Debug|x86.Build.0 = Debug|Any CPU
		{E98D92E0-2029-47D8-9EEE-E3A19DF9354A}.Release|Any CPU.ActiveCfg = Release|Any CPU
		{E98D92E0-2029-47D8-9EEE-E3A19DF9354A}.Release|Any CPU.Build.0 = Release|Any CPU
		{E98D92E0-2029-47D8-9EEE-E3A19DF9354A}.Release|x64.ActiveCfg = Release|Any CPU
		{E98D92E0-2029-47D8-9EEE-E3A19DF9354A}.Release|x64.Build.0 = Release|Any CPU
		{E98D92E0-2029-47D8-9EEE-E3A19DF9354A}.Release|x86.ActiveCfg = Release|Any CPU
		{E98D92E0-2029-47D8-9EEE-E3A19DF9354A}.Release|x86.Build.0 = Release|Any CPU
		{A36EE34F-9EA1-460E-841F-C84BC603929B}.Debug|Any CPU.ActiveCfg = Debug|Any CPU
		{A36EE34F-9EA1-460E-841F-C84BC603929B}.Debug|Any CPU.Build.0 = Debug|Any CPU
		{A36EE34F-9EA1-460E-841F-C84BC603929B}.Debug|x64.ActiveCfg = Debug|Any CPU
		{A36EE34F-9EA1-460E-841F-C84BC603929B}.Debug|x64.Build.0 = Debug|Any CPU
		{A36EE34F-9EA1-460E-841F-C84BC603929B}.Debug|x86.ActiveCfg = Debug|Any CPU
		{A36EE34F-9EA1-460E-841F-C84BC603929B}.Debug|x86.Build.0 = Debug|Any CPU
		{A36EE34F-9EA1-460E-841F-C84BC603929B}.Release|Any CPU.ActiveCfg = Release|Any CPU
		{A36EE34F-9EA1-460E-841F-C84BC603929B}.Release|Any CPU.Build.0 = Release|Any CPU
		{A36EE34F-9EA1-460E-841F-C84BC603929B}.Release|x64.ActiveCfg = Release|Any CPU
		{A36EE34F-9EA1-460E-841F-C84BC603929B}.Release|x64.Build.0 = Release|Any CPU
		{A36EE34F-9EA1-460E-841F-C84BC603929B}.Release|x86.ActiveCfg = Release|Any CPU
		{A36EE34F-9EA1-460E-841F-C84BC603929B}.Release|x86.Build.0 = Release|Any CPU
		{45FC79C1-76EB-4B30-B54F-DD1762BA15EE}.Debug|Any CPU.ActiveCfg = Debug|Any CPU
		{45FC79C1-76EB-4B30-B54F-DD1762BA15EE}.Debug|Any CPU.Build.0 = Debug|Any CPU
		{45FC79C1-76EB-4B30-B54F-DD1762BA15EE}.Debug|x64.ActiveCfg = Debug|Any CPU
		{45FC79C1-76EB-4B30-B54F-DD1762BA15EE}.Debug|x64.Build.0 = Debug|Any CPU
		{45FC79C1-76EB-4B30-B54F-DD1762BA15EE}.Debug|x86.ActiveCfg = Debug|Any CPU
		{45FC79C1-76EB-4B30-B54F-DD1762BA15EE}.Debug|x86.Build.0 = Debug|Any CPU
		{45FC79C1-76EB-4B30-B54F-DD1762BA15EE}.Release|Any CPU.ActiveCfg = Release|Any CPU
		{45FC79C1-76EB-4B30-B54F-DD1762BA15EE}.Release|Any CPU.Build.0 = Release|Any CPU
		{45FC79C1-76EB-4B30-B54F-DD1762BA15EE}.Release|x64.ActiveCfg = Release|Any CPU
		{45FC79C1-76EB-4B30-B54F-DD1762BA15EE}.Release|x64.Build.0 = Release|Any CPU
		{45FC79C1-76EB-4B30-B54F-DD1762BA15EE}.Release|x86.ActiveCfg = Release|Any CPU
		{45FC79C1-76EB-4B30-B54F-DD1762BA15EE}.Release|x86.Build.0 = Release|Any CPU
		{CE5A582D-3CC6-44D7-AF3F-CD741BA53833}.Debug|Any CPU.ActiveCfg = Debug|Any CPU
		{CE5A582D-3CC6-44D7-AF3F-CD741BA53833}.Debug|Any CPU.Build.0 = Debug|Any CPU
		{CE5A582D-3CC6-44D7-AF3F-CD741BA53833}.Debug|x64.ActiveCfg = Debug|Any CPU
		{CE5A582D-3CC6-44D7-AF3F-CD741BA53833}.Debug|x64.Build.0 = Debug|Any CPU
		{CE5A582D-3CC6-44D7-AF3F-CD741BA53833}.Debug|x86.ActiveCfg = Debug|Any CPU
		{CE5A582D-3CC6-44D7-AF3F-CD741BA53833}.Debug|x86.Build.0 = Debug|Any CPU
		{CE5A582D-3CC6-44D7-AF3F-CD741BA53833}.Release|Any CPU.ActiveCfg = Release|Any CPU
		{CE5A582D-3CC6-44D7-AF3F-CD741BA53833}.Release|Any CPU.Build.0 = Release|Any CPU
		{CE5A582D-3CC6-44D7-AF3F-CD741BA53833}.Release|x64.ActiveCfg = Release|Any CPU
		{CE5A582D-3CC6-44D7-AF3F-CD741BA53833}.Release|x64.Build.0 = Release|Any CPU
		{CE5A582D-3CC6-44D7-AF3F-CD741BA53833}.Release|x86.ActiveCfg = Release|Any CPU
		{CE5A582D-3CC6-44D7-AF3F-CD741BA53833}.Release|x86.Build.0 = Release|Any CPU
		{B9E8DA69-C6FA-446F-B949-EF48856551D8}.Debug|Any CPU.ActiveCfg = Debug|Any CPU
		{B9E8DA69-C6FA-446F-B949-EF48856551D8}.Debug|Any CPU.Build.0 = Debug|Any CPU
		{B9E8DA69-C6FA-446F-B949-EF48856551D8}.Debug|x64.ActiveCfg = Debug|Any CPU
		{B9E8DA69-C6FA-446F-B949-EF48856551D8}.Debug|x64.Build.0 = Debug|Any CPU
		{B9E8DA69-C6FA-446F-B949-EF48856551D8}.Debug|x86.ActiveCfg = Debug|Any CPU
		{B9E8DA69-C6FA-446F-B949-EF48856551D8}.Debug|x86.Build.0 = Debug|Any CPU
		{B9E8DA69-C6FA-446F-B949-EF48856551D8}.Release|Any CPU.ActiveCfg = Release|Any CPU
		{B9E8DA69-C6FA-446F-B949-EF48856551D8}.Release|Any CPU.Build.0 = Release|Any CPU
		{B9E8DA69-C6FA-446F-B949-EF48856551D8}.Release|x64.ActiveCfg = Release|Any CPU
		{B9E8DA69-C6FA-446F-B949-EF48856551D8}.Release|x64.Build.0 = Release|Any CPU
		{B9E8DA69-C6FA-446F-B949-EF48856551D8}.Release|x86.ActiveCfg = Release|Any CPU
		{B9E8DA69-C6FA-446F-B949-EF48856551D8}.Release|x86.Build.0 = Release|Any CPU
		{4C18FD08-BCE4-4C6A-9D84-9A81C4561586}.Debug|Any CPU.ActiveCfg = Debug|Any CPU
		{4C18FD08-BCE4-4C6A-9D84-9A81C4561586}.Debug|Any CPU.Build.0 = Debug|Any CPU
		{4C18FD08-BCE4-4C6A-9D84-9A81C4561586}.Debug|x64.ActiveCfg = Debug|Any CPU
		{4C18FD08-BCE4-4C6A-9D84-9A81C4561586}.Debug|x64.Build.0 = Debug|Any CPU
		{4C18FD08-BCE4-4C6A-9D84-9A81C4561586}.Debug|x86.ActiveCfg = Debug|Any CPU
		{4C18FD08-BCE4-4C6A-9D84-9A81C4561586}.Debug|x86.Build.0 = Debug|Any CPU
		{4C18FD08-BCE4-4C6A-9D84-9A81C4561586}.Release|Any CPU.ActiveCfg = Release|Any CPU
		{4C18FD08-BCE4-4C6A-9D84-9A81C4561586}.Release|Any CPU.Build.0 = Release|Any CPU
		{4C18FD08-BCE4-4C6A-9D84-9A81C4561586}.Release|x64.ActiveCfg = Release|Any CPU
		{4C18FD08-BCE4-4C6A-9D84-9A81C4561586}.Release|x64.Build.0 = Release|Any CPU
		{4C18FD08-BCE4-4C6A-9D84-9A81C4561586}.Release|x86.ActiveCfg = Release|Any CPU
		{4C18FD08-BCE4-4C6A-9D84-9A81C4561586}.Release|x86.Build.0 = Release|Any CPU
		{6FC1A2EC-7178-4A3E-93DF-1ABDF09F4943}.Debug|Any CPU.ActiveCfg = Debug|Any CPU
		{6FC1A2EC-7178-4A3E-93DF-1ABDF09F4943}.Debug|Any CPU.Build.0 = Debug|Any CPU
		{6FC1A2EC-7178-4A3E-93DF-1ABDF09F4943}.Debug|x64.ActiveCfg = Debug|Any CPU
		{6FC1A2EC-7178-4A3E-93DF-1ABDF09F4943}.Debug|x64.Build.0 = Debug|Any CPU
		{6FC1A2EC-7178-4A3E-93DF-1ABDF09F4943}.Debug|x86.ActiveCfg = Debug|Any CPU
		{6FC1A2EC-7178-4A3E-93DF-1ABDF09F4943}.Debug|x86.Build.0 = Debug|Any CPU
		{6FC1A2EC-7178-4A3E-93DF-1ABDF09F4943}.Release|Any CPU.ActiveCfg = Release|Any CPU
		{6FC1A2EC-7178-4A3E-93DF-1ABDF09F4943}.Release|Any CPU.Build.0 = Release|Any CPU
		{6FC1A2EC-7178-4A3E-93DF-1ABDF09F4943}.Release|x64.ActiveCfg = Release|Any CPU
		{6FC1A2EC-7178-4A3E-93DF-1ABDF09F4943}.Release|x64.Build.0 = Release|Any CPU
		{6FC1A2EC-7178-4A3E-93DF-1ABDF09F4943}.Release|x86.ActiveCfg = Release|Any CPU
		{6FC1A2EC-7178-4A3E-93DF-1ABDF09F4943}.Release|x86.Build.0 = Release|Any CPU
		{D24BCAD4-0C17-40D0-8ADC-B8A5E8700047}.Debug|Any CPU.ActiveCfg = Debug|Any CPU
		{D24BCAD4-0C17-40D0-8ADC-B8A5E8700047}.Debug|Any CPU.Build.0 = Debug|Any CPU
		{D24BCAD4-0C17-40D0-8ADC-B8A5E8700047}.Debug|x64.ActiveCfg = Debug|Any CPU
		{D24BCAD4-0C17-40D0-8ADC-B8A5E8700047}.Debug|x64.Build.0 = Debug|Any CPU
		{D24BCAD4-0C17-40D0-8ADC-B8A5E8700047}.Debug|x86.ActiveCfg = Debug|Any CPU
		{D24BCAD4-0C17-40D0-8ADC-B8A5E8700047}.Debug|x86.Build.0 = Debug|Any CPU
		{D24BCAD4-0C17-40D0-8ADC-B8A5E8700047}.Release|Any CPU.ActiveCfg = Release|Any CPU
		{D24BCAD4-0C17-40D0-8ADC-B8A5E8700047}.Release|Any CPU.Build.0 = Release|Any CPU
		{D24BCAD4-0C17-40D0-8ADC-B8A5E8700047}.Release|x64.ActiveCfg = Release|Any CPU
		{D24BCAD4-0C17-40D0-8ADC-B8A5E8700047}.Release|x64.Build.0 = Release|Any CPU
		{D24BCAD4-0C17-40D0-8ADC-B8A5E8700047}.Release|x86.ActiveCfg = Release|Any CPU
		{D24BCAD4-0C17-40D0-8ADC-B8A5E8700047}.Release|x86.Build.0 = Release|Any CPU
		{35D4B136-E164-48A3-ADC3-E22237CCDC9C}.Debug|Any CPU.ActiveCfg = Debug|Any CPU
		{35D4B136-E164-48A3-ADC3-E22237CCDC9C}.Debug|Any CPU.Build.0 = Debug|Any CPU
		{35D4B136-E164-48A3-ADC3-E22237CCDC9C}.Debug|x64.ActiveCfg = Debug|Any CPU
		{35D4B136-E164-48A3-ADC3-E22237CCDC9C}.Debug|x64.Build.0 = Debug|Any CPU
		{35D4B136-E164-48A3-ADC3-E22237CCDC9C}.Debug|x86.ActiveCfg = Debug|Any CPU
		{35D4B136-E164-48A3-ADC3-E22237CCDC9C}.Debug|x86.Build.0 = Debug|Any CPU
		{35D4B136-E164-48A3-ADC3-E22237CCDC9C}.Release|Any CPU.ActiveCfg = Release|Any CPU
		{35D4B136-E164-48A3-ADC3-E22237CCDC9C}.Release|Any CPU.Build.0 = Release|Any CPU
		{35D4B136-E164-48A3-ADC3-E22237CCDC9C}.Release|x64.ActiveCfg = Release|Any CPU
		{35D4B136-E164-48A3-ADC3-E22237CCDC9C}.Release|x64.Build.0 = Release|Any CPU
		{35D4B136-E164-48A3-ADC3-E22237CCDC9C}.Release|x86.ActiveCfg = Release|Any CPU
		{35D4B136-E164-48A3-ADC3-E22237CCDC9C}.Release|x86.Build.0 = Release|Any CPU
		{FCB31060-4C23-4BB7-9A95-4C636B43F6B5}.Debug|Any CPU.ActiveCfg = Debug|Any CPU
		{FCB31060-4C23-4BB7-9A95-4C636B43F6B5}.Debug|Any CPU.Build.0 = Debug|Any CPU
		{FCB31060-4C23-4BB7-9A95-4C636B43F6B5}.Debug|x64.ActiveCfg = Debug|Any CPU
		{FCB31060-4C23-4BB7-9A95-4C636B43F6B5}.Debug|x64.Build.0 = Debug|Any CPU
		{FCB31060-4C23-4BB7-9A95-4C636B43F6B5}.Debug|x86.ActiveCfg = Debug|Any CPU
		{FCB31060-4C23-4BB7-9A95-4C636B43F6B5}.Debug|x86.Build.0 = Debug|Any CPU
		{FCB31060-4C23-4BB7-9A95-4C636B43F6B5}.Release|Any CPU.ActiveCfg = Release|Any CPU
		{FCB31060-4C23-4BB7-9A95-4C636B43F6B5}.Release|Any CPU.Build.0 = Release|Any CPU
		{FCB31060-4C23-4BB7-9A95-4C636B43F6B5}.Release|x64.ActiveCfg = Release|Any CPU
		{FCB31060-4C23-4BB7-9A95-4C636B43F6B5}.Release|x64.Build.0 = Release|Any CPU
		{FCB31060-4C23-4BB7-9A95-4C636B43F6B5}.Release|x86.ActiveCfg = Release|Any CPU
		{FCB31060-4C23-4BB7-9A95-4C636B43F6B5}.Release|x86.Build.0 = Release|Any CPU
		{C5AD8C4D-D731-4DDD-96BD-A6776A1FF20E}.Debug|Any CPU.ActiveCfg = Debug|Any CPU
		{C5AD8C4D-D731-4DDD-96BD-A6776A1FF20E}.Debug|Any CPU.Build.0 = Debug|Any CPU
		{C5AD8C4D-D731-4DDD-96BD-A6776A1FF20E}.Debug|x64.ActiveCfg = Debug|Any CPU
		{C5AD8C4D-D731-4DDD-96BD-A6776A1FF20E}.Debug|x64.Build.0 = Debug|Any CPU
		{C5AD8C4D-D731-4DDD-96BD-A6776A1FF20E}.Debug|x86.ActiveCfg = Debug|Any CPU
		{C5AD8C4D-D731-4DDD-96BD-A6776A1FF20E}.Debug|x86.Build.0 = Debug|Any CPU
		{C5AD8C4D-D731-4DDD-96BD-A6776A1FF20E}.Release|Any CPU.ActiveCfg = Release|Any CPU
		{C5AD8C4D-D731-4DDD-96BD-A6776A1FF20E}.Release|Any CPU.Build.0 = Release|Any CPU
		{C5AD8C4D-D731-4DDD-96BD-A6776A1FF20E}.Release|x64.ActiveCfg = Release|Any CPU
		{C5AD8C4D-D731-4DDD-96BD-A6776A1FF20E}.Release|x64.Build.0 = Release|Any CPU
		{C5AD8C4D-D731-4DDD-96BD-A6776A1FF20E}.Release|x86.ActiveCfg = Release|Any CPU
		{C5AD8C4D-D731-4DDD-96BD-A6776A1FF20E}.Release|x86.Build.0 = Release|Any CPU
		{22984D49-8DDF-4263-8375-D018643E44B2}.Debug|Any CPU.ActiveCfg = Debug|Any CPU
		{22984D49-8DDF-4263-8375-D018643E44B2}.Debug|Any CPU.Build.0 = Debug|Any CPU
		{22984D49-8DDF-4263-8375-D018643E44B2}.Debug|x64.ActiveCfg = Debug|Any CPU
		{22984D49-8DDF-4263-8375-D018643E44B2}.Debug|x64.Build.0 = Debug|Any CPU
		{22984D49-8DDF-4263-8375-D018643E44B2}.Debug|x86.ActiveCfg = Debug|Any CPU
		{22984D49-8DDF-4263-8375-D018643E44B2}.Debug|x86.Build.0 = Debug|Any CPU
		{22984D49-8DDF-4263-8375-D018643E44B2}.Release|Any CPU.ActiveCfg = Release|Any CPU
		{22984D49-8DDF-4263-8375-D018643E44B2}.Release|Any CPU.Build.0 = Release|Any CPU
		{22984D49-8DDF-4263-8375-D018643E44B2}.Release|x64.ActiveCfg = Release|Any CPU
		{22984D49-8DDF-4263-8375-D018643E44B2}.Release|x64.Build.0 = Release|Any CPU
		{22984D49-8DDF-4263-8375-D018643E44B2}.Release|x86.ActiveCfg = Release|Any CPU
		{22984D49-8DDF-4263-8375-D018643E44B2}.Release|x86.Build.0 = Release|Any CPU
		{E4EE80C5-179C-4483-9E91-3107B3E1CD5A}.Debug|Any CPU.ActiveCfg = Debug|Any CPU
		{E4EE80C5-179C-4483-9E91-3107B3E1CD5A}.Debug|Any CPU.Build.0 = Debug|Any CPU
		{E4EE80C5-179C-4483-9E91-3107B3E1CD5A}.Debug|x64.ActiveCfg = Debug|Any CPU
		{E4EE80C5-179C-4483-9E91-3107B3E1CD5A}.Debug|x64.Build.0 = Debug|Any CPU
		{E4EE80C5-179C-4483-9E91-3107B3E1CD5A}.Debug|x86.ActiveCfg = Debug|Any CPU
		{E4EE80C5-179C-4483-9E91-3107B3E1CD5A}.Debug|x86.Build.0 = Debug|Any CPU
		{E4EE80C5-179C-4483-9E91-3107B3E1CD5A}.Release|Any CPU.ActiveCfg = Release|Any CPU
		{E4EE80C5-179C-4483-9E91-3107B3E1CD5A}.Release|Any CPU.Build.0 = Release|Any CPU
		{E4EE80C5-179C-4483-9E91-3107B3E1CD5A}.Release|x64.ActiveCfg = Release|Any CPU
		{E4EE80C5-179C-4483-9E91-3107B3E1CD5A}.Release|x64.Build.0 = Release|Any CPU
		{E4EE80C5-179C-4483-9E91-3107B3E1CD5A}.Release|x86.ActiveCfg = Release|Any CPU
		{E4EE80C5-179C-4483-9E91-3107B3E1CD5A}.Release|x86.Build.0 = Release|Any CPU
		{65D8C0F8-E4CF-452D-86FB-482FE63C7C89}.Debug|Any CPU.ActiveCfg = Debug|Any CPU
		{65D8C0F8-E4CF-452D-86FB-482FE63C7C89}.Debug|Any CPU.Build.0 = Debug|Any CPU
		{65D8C0F8-E4CF-452D-86FB-482FE63C7C89}.Debug|x64.ActiveCfg = Debug|Any CPU
		{65D8C0F8-E4CF-452D-86FB-482FE63C7C89}.Debug|x64.Build.0 = Debug|Any CPU
		{65D8C0F8-E4CF-452D-86FB-482FE63C7C89}.Debug|x86.ActiveCfg = Debug|Any CPU
		{65D8C0F8-E4CF-452D-86FB-482FE63C7C89}.Debug|x86.Build.0 = Debug|Any CPU
		{65D8C0F8-E4CF-452D-86FB-482FE63C7C89}.Release|Any CPU.ActiveCfg = Release|Any CPU
		{65D8C0F8-E4CF-452D-86FB-482FE63C7C89}.Release|Any CPU.Build.0 = Release|Any CPU
		{65D8C0F8-E4CF-452D-86FB-482FE63C7C89}.Release|x64.ActiveCfg = Release|Any CPU
		{65D8C0F8-E4CF-452D-86FB-482FE63C7C89}.Release|x64.Build.0 = Release|Any CPU
		{65D8C0F8-E4CF-452D-86FB-482FE63C7C89}.Release|x86.ActiveCfg = Release|Any CPU
		{65D8C0F8-E4CF-452D-86FB-482FE63C7C89}.Release|x86.Build.0 = Release|Any CPU
		{EECFACC8-E841-4EF5-A1D7-A64C84B7DBCD}.Debug|Any CPU.ActiveCfg = Debug|Any CPU
		{EECFACC8-E841-4EF5-A1D7-A64C84B7DBCD}.Debug|Any CPU.Build.0 = Debug|Any CPU
		{EECFACC8-E841-4EF5-A1D7-A64C84B7DBCD}.Debug|x64.ActiveCfg = Debug|Any CPU
		{EECFACC8-E841-4EF5-A1D7-A64C84B7DBCD}.Debug|x64.Build.0 = Debug|Any CPU
		{EECFACC8-E841-4EF5-A1D7-A64C84B7DBCD}.Debug|x86.ActiveCfg = Debug|Any CPU
		{EECFACC8-E841-4EF5-A1D7-A64C84B7DBCD}.Debug|x86.Build.0 = Debug|Any CPU
		{EECFACC8-E841-4EF5-A1D7-A64C84B7DBCD}.Release|Any CPU.ActiveCfg = Release|Any CPU
		{EECFACC8-E841-4EF5-A1D7-A64C84B7DBCD}.Release|Any CPU.Build.0 = Release|Any CPU
		{EECFACC8-E841-4EF5-A1D7-A64C84B7DBCD}.Release|x64.ActiveCfg = Release|Any CPU
		{EECFACC8-E841-4EF5-A1D7-A64C84B7DBCD}.Release|x64.Build.0 = Release|Any CPU
		{EECFACC8-E841-4EF5-A1D7-A64C84B7DBCD}.Release|x86.ActiveCfg = Release|Any CPU
		{EECFACC8-E841-4EF5-A1D7-A64C84B7DBCD}.Release|x86.Build.0 = Release|Any CPU
		{32DC3B96-7E6E-40B0-AA12-40656B2D0381}.Debug|Any CPU.ActiveCfg = Debug|Any CPU
		{32DC3B96-7E6E-40B0-AA12-40656B2D0381}.Debug|Any CPU.Build.0 = Debug|Any CPU
		{32DC3B96-7E6E-40B0-AA12-40656B2D0381}.Debug|x64.ActiveCfg = Debug|Any CPU
		{32DC3B96-7E6E-40B0-AA12-40656B2D0381}.Debug|x64.Build.0 = Debug|Any CPU
		{32DC3B96-7E6E-40B0-AA12-40656B2D0381}.Debug|x86.ActiveCfg = Debug|Any CPU
		{32DC3B96-7E6E-40B0-AA12-40656B2D0381}.Debug|x86.Build.0 = Debug|Any CPU
		{32DC3B96-7E6E-40B0-AA12-40656B2D0381}.Release|Any CPU.ActiveCfg = Release|Any CPU
		{32DC3B96-7E6E-40B0-AA12-40656B2D0381}.Release|Any CPU.Build.0 = Release|Any CPU
		{32DC3B96-7E6E-40B0-AA12-40656B2D0381}.Release|x64.ActiveCfg = Release|Any CPU
		{32DC3B96-7E6E-40B0-AA12-40656B2D0381}.Release|x64.Build.0 = Release|Any CPU
		{32DC3B96-7E6E-40B0-AA12-40656B2D0381}.Release|x86.ActiveCfg = Release|Any CPU
		{32DC3B96-7E6E-40B0-AA12-40656B2D0381}.Release|x86.Build.0 = Release|Any CPU
		{8625B7F2-F974-47E7-ABF1-C75AB9C305B2}.Debug|Any CPU.ActiveCfg = Debug|Any CPU
		{8625B7F2-F974-47E7-ABF1-C75AB9C305B2}.Debug|Any CPU.Build.0 = Debug|Any CPU
		{8625B7F2-F974-47E7-ABF1-C75AB9C305B2}.Debug|x64.ActiveCfg = Debug|Any CPU
		{8625B7F2-F974-47E7-ABF1-C75AB9C305B2}.Debug|x64.Build.0 = Debug|Any CPU
		{8625B7F2-F974-47E7-ABF1-C75AB9C305B2}.Debug|x86.ActiveCfg = Debug|Any CPU
		{8625B7F2-F974-47E7-ABF1-C75AB9C305B2}.Debug|x86.Build.0 = Debug|Any CPU
		{8625B7F2-F974-47E7-ABF1-C75AB9C305B2}.Release|Any CPU.ActiveCfg = Release|Any CPU
		{8625B7F2-F974-47E7-ABF1-C75AB9C305B2}.Release|Any CPU.Build.0 = Release|Any CPU
		{8625B7F2-F974-47E7-ABF1-C75AB9C305B2}.Release|x64.ActiveCfg = Release|Any CPU
		{8625B7F2-F974-47E7-ABF1-C75AB9C305B2}.Release|x64.Build.0 = Release|Any CPU
		{8625B7F2-F974-47E7-ABF1-C75AB9C305B2}.Release|x86.ActiveCfg = Release|Any CPU
		{8625B7F2-F974-47E7-ABF1-C75AB9C305B2}.Release|x86.Build.0 = Release|Any CPU
		{19078764-4D01-403D-9806-7842AF257FFF}.Debug|Any CPU.ActiveCfg = Debug|Any CPU
		{19078764-4D01-403D-9806-7842AF257FFF}.Debug|Any CPU.Build.0 = Debug|Any CPU
		{19078764-4D01-403D-9806-7842AF257FFF}.Debug|x64.ActiveCfg = Debug|Any CPU
		{19078764-4D01-403D-9806-7842AF257FFF}.Debug|x64.Build.0 = Debug|Any CPU
		{19078764-4D01-403D-9806-7842AF257FFF}.Debug|x86.ActiveCfg = Debug|Any CPU
		{19078764-4D01-403D-9806-7842AF257FFF}.Debug|x86.Build.0 = Debug|Any CPU
		{19078764-4D01-403D-9806-7842AF257FFF}.Release|Any CPU.ActiveCfg = Release|Any CPU
		{19078764-4D01-403D-9806-7842AF257FFF}.Release|Any CPU.Build.0 = Release|Any CPU
		{19078764-4D01-403D-9806-7842AF257FFF}.Release|x64.ActiveCfg = Release|Any CPU
		{19078764-4D01-403D-9806-7842AF257FFF}.Release|x64.Build.0 = Release|Any CPU
		{19078764-4D01-403D-9806-7842AF257FFF}.Release|x86.ActiveCfg = Release|Any CPU
		{19078764-4D01-403D-9806-7842AF257FFF}.Release|x86.Build.0 = Release|Any CPU
		{EBB07938-94A7-4349-9D0F-F2A6088EB42E}.Debug|Any CPU.ActiveCfg = Debug|Any CPU
		{EBB07938-94A7-4349-9D0F-F2A6088EB42E}.Debug|Any CPU.Build.0 = Debug|Any CPU
		{EBB07938-94A7-4349-9D0F-F2A6088EB42E}.Debug|x64.ActiveCfg = Debug|Any CPU
		{EBB07938-94A7-4349-9D0F-F2A6088EB42E}.Debug|x64.Build.0 = Debug|Any CPU
		{EBB07938-94A7-4349-9D0F-F2A6088EB42E}.Debug|x86.ActiveCfg = Debug|Any CPU
		{EBB07938-94A7-4349-9D0F-F2A6088EB42E}.Debug|x86.Build.0 = Debug|Any CPU
		{EBB07938-94A7-4349-9D0F-F2A6088EB42E}.Release|Any CPU.ActiveCfg = Release|Any CPU
		{EBB07938-94A7-4349-9D0F-F2A6088EB42E}.Release|Any CPU.Build.0 = Release|Any CPU
		{EBB07938-94A7-4349-9D0F-F2A6088EB42E}.Release|x64.ActiveCfg = Release|Any CPU
		{EBB07938-94A7-4349-9D0F-F2A6088EB42E}.Release|x64.Build.0 = Release|Any CPU
		{EBB07938-94A7-4349-9D0F-F2A6088EB42E}.Release|x86.ActiveCfg = Release|Any CPU
		{EBB07938-94A7-4349-9D0F-F2A6088EB42E}.Release|x86.Build.0 = Release|Any CPU
		{DB9A7862-14B1-4DAC-878C-D6B02038F068}.Debug|Any CPU.ActiveCfg = Debug|Any CPU
		{DB9A7862-14B1-4DAC-878C-D6B02038F068}.Debug|Any CPU.Build.0 = Debug|Any CPU
		{DB9A7862-14B1-4DAC-878C-D6B02038F068}.Debug|x64.ActiveCfg = Debug|Any CPU
		{DB9A7862-14B1-4DAC-878C-D6B02038F068}.Debug|x64.Build.0 = Debug|Any CPU
		{DB9A7862-14B1-4DAC-878C-D6B02038F068}.Debug|x86.ActiveCfg = Debug|Any CPU
		{DB9A7862-14B1-4DAC-878C-D6B02038F068}.Debug|x86.Build.0 = Debug|Any CPU
		{DB9A7862-14B1-4DAC-878C-D6B02038F068}.Release|Any CPU.ActiveCfg = Release|Any CPU
		{DB9A7862-14B1-4DAC-878C-D6B02038F068}.Release|Any CPU.Build.0 = Release|Any CPU
		{DB9A7862-14B1-4DAC-878C-D6B02038F068}.Release|x64.ActiveCfg = Release|Any CPU
		{DB9A7862-14B1-4DAC-878C-D6B02038F068}.Release|x64.Build.0 = Release|Any CPU
		{DB9A7862-14B1-4DAC-878C-D6B02038F068}.Release|x86.ActiveCfg = Release|Any CPU
		{DB9A7862-14B1-4DAC-878C-D6B02038F068}.Release|x86.Build.0 = Release|Any CPU
		{7F7DB4D8-3D94-4648-99FA-E7E06A913FCD}.Debug|Any CPU.ActiveCfg = Debug|Any CPU
		{7F7DB4D8-3D94-4648-99FA-E7E06A913FCD}.Debug|Any CPU.Build.0 = Debug|Any CPU
		{7F7DB4D8-3D94-4648-99FA-E7E06A913FCD}.Debug|x64.ActiveCfg = Debug|Any CPU
		{7F7DB4D8-3D94-4648-99FA-E7E06A913FCD}.Debug|x64.Build.0 = Debug|Any CPU
		{7F7DB4D8-3D94-4648-99FA-E7E06A913FCD}.Debug|x86.ActiveCfg = Debug|Any CPU
		{7F7DB4D8-3D94-4648-99FA-E7E06A913FCD}.Debug|x86.Build.0 = Debug|Any CPU
		{7F7DB4D8-3D94-4648-99FA-E7E06A913FCD}.Release|Any CPU.ActiveCfg = Release|Any CPU
		{7F7DB4D8-3D94-4648-99FA-E7E06A913FCD}.Release|Any CPU.Build.0 = Release|Any CPU
		{7F7DB4D8-3D94-4648-99FA-E7E06A913FCD}.Release|x64.ActiveCfg = Release|Any CPU
		{7F7DB4D8-3D94-4648-99FA-E7E06A913FCD}.Release|x64.Build.0 = Release|Any CPU
		{7F7DB4D8-3D94-4648-99FA-E7E06A913FCD}.Release|x86.ActiveCfg = Release|Any CPU
		{7F7DB4D8-3D94-4648-99FA-E7E06A913FCD}.Release|x86.Build.0 = Release|Any CPU
	EndGlobalSection
	GlobalSection(SolutionProperties) = preSolution
		HideSolutionNode = FALSE
	EndGlobalSection
	GlobalSection(NestedProjects) = preSolution
		{D3F185A5-0145-4333-8CFF-548E3BD478DE} = {438C928E-FBB5-45B2-9CD2-7ED3341AC75E}
		{488A6892-3435-4E72-9B74-A847F2E4197F} = {ED1809FC-733B-4D9E-8FEE-70D3BB0BBD84}
		{DFB554A5-48A4-4C69-A857-1080B6CE89F9} = {438C928E-FBB5-45B2-9CD2-7ED3341AC75E}
		{75548DF7-A07C-41BB-A589-50EF296837EC} = {D3569CDD-7E19-429E-B9AD-75CC05F6C4AA}
		{A1E16465-9155-4957-BB97-ADCCF1648958} = {0F5E1C71-66E0-4285-B861-184E5B6C841A}
		{B0120C11-5024-491A-B3AD-821E1D2CD8F2} = {D3569CDD-7E19-429E-B9AD-75CC05F6C4AA}
		{05746941-ABD5-46C6-9E9A-9B107F6B0076} = {B0120C11-5024-491A-B3AD-821E1D2CD8F2}
		{BEF59A60-ED18-4F08-A0A4-F99D64F71E18} = {B0120C11-5024-491A-B3AD-821E1D2CD8F2}
		{E98D92E0-2029-47D8-9EEE-E3A19DF9354A} = {B0120C11-5024-491A-B3AD-821E1D2CD8F2}
		{A36EE34F-9EA1-460E-841F-C84BC603929B} = {ED1809FC-733B-4D9E-8FEE-70D3BB0BBD84}
		{45FC79C1-76EB-4B30-B54F-DD1762BA15EE} = {D3569CDD-7E19-429E-B9AD-75CC05F6C4AA}
		{CE5A582D-3CC6-44D7-AF3F-CD741BA53833} = {B0120C11-5024-491A-B3AD-821E1D2CD8F2}
		{B9E8DA69-C6FA-446F-B949-EF48856551D8} = {D3569CDD-7E19-429E-B9AD-75CC05F6C4AA}
		{4C18FD08-BCE4-4C6A-9D84-9A81C4561586} = {ED1809FC-733B-4D9E-8FEE-70D3BB0BBD84}
		{6FC1A2EC-7178-4A3E-93DF-1ABDF09F4943} = {ED1809FC-733B-4D9E-8FEE-70D3BB0BBD84}
		{D24BCAD4-0C17-40D0-8ADC-B8A5E8700047} = {D3569CDD-7E19-429E-B9AD-75CC05F6C4AA}
		{35D4B136-E164-48A3-ADC3-E22237CCDC9C} = {D3569CDD-7E19-429E-B9AD-75CC05F6C4AA}
		{FCB31060-4C23-4BB7-9A95-4C636B43F6B5} = {438C928E-FBB5-45B2-9CD2-7ED3341AC75E}
		{C5AD8C4D-D731-4DDD-96BD-A6776A1FF20E} = {438C928E-FBB5-45B2-9CD2-7ED3341AC75E}
		{22984D49-8DDF-4263-8375-D018643E44B2} = {438C928E-FBB5-45B2-9CD2-7ED3341AC75E}
		{E4EE80C5-179C-4483-9E91-3107B3E1CD5A} = {ED1809FC-733B-4D9E-8FEE-70D3BB0BBD84}
		{65D8C0F8-E4CF-452D-86FB-482FE63C7C89} = {ED1809FC-733B-4D9E-8FEE-70D3BB0BBD84}
		{EECFACC8-E841-4EF5-A1D7-A64C84B7DBCD} = {ED1809FC-733B-4D9E-8FEE-70D3BB0BBD84}
		{32DC3B96-7E6E-40B0-AA12-40656B2D0381} = {ED1809FC-733B-4D9E-8FEE-70D3BB0BBD84}
		{8625B7F2-F974-47E7-ABF1-C75AB9C305B2} = {ED1809FC-733B-4D9E-8FEE-70D3BB0BBD84}
		{19078764-4D01-403D-9806-7842AF257FFF} = {0F5E1C71-66E0-4285-B861-184E5B6C841A}
		{BC759BA5-C064-460E-ACB0-9B2DA12B9284} = {D3569CDD-7E19-429E-B9AD-75CC05F6C4AA}
		{EBB07938-94A7-4349-9D0F-F2A6088EB42E} = {BC759BA5-C064-460E-ACB0-9B2DA12B9284}
		{DB9A7862-14B1-4DAC-878C-D6B02038F068} = {BC759BA5-C064-460E-ACB0-9B2DA12B9284}
		{7F7DB4D8-3D94-4648-99FA-E7E06A913FCD} = {BC759BA5-C064-460E-ACB0-9B2DA12B9284}
	EndGlobalSection
	GlobalSection(ExtensibilityGlobals) = postSolution
		SolutionGuid = {D45B5457-4190-49B6-BF89-7FA5F4C8ABE2}
	EndGlobalSection
EndGlobal
