
Microsoft Visual Studio Solution File, Format Version 12.00
# Visual Studio Version 17
VisualStudioVersion = 17.1.32127.271
MinimumVisualStudioVersion = 10.0.40219.1
Project("{2150E333-8FDC-42A3-9474-1A3956D46DE8}") = "src", "src", "{438C928E-FBB5-45B2-9CD2-7ED3341AC75E}"
EndProject
Project("{9A19103F-16F7-4668-BE54-9A1E7A4F7556}") = "Mediator.SourceGenerator", "src\Mediator.SourceGenerator\Mediator.SourceGenerator.csproj", "{D3F185A5-0145-4333-8CFF-548E3BD478DE}"
EndProject
Project("{2150E333-8FDC-42A3-9474-1A3956D46DE8}") = "test", "test", "{ED1809FC-733B-4D9E-8FEE-70D3BB0BBD84}"
EndProject
Project("{9A19103F-16F7-4668-BE54-9A1E7A4F7556}") = "Mediator.Tests", "test\Mediator.Tests\Mediator.Tests.csproj", "{488A6892-3435-4E72-9B74-A847F2E4197F}"
EndProject
Project("{9A19103F-16F7-4668-BE54-9A1E7A4F7556}") = "Mediator", "src\Mediator\Mediator.csproj", "{DFB554A5-48A4-4C69-A857-1080B6CE89F9}"
EndProject
Project("{2150E333-8FDC-42A3-9474-1A3956D46DE8}") = "samples", "samples", "{D3569CDD-7E19-429E-B9AD-75CC05F6C4AA}"
EndProject
Project("{9A19103F-16F7-4668-BE54-9A1E7A4F7556}") = "SimpleConsole", "samples\SimpleConsole\SimpleConsole.csproj", "{75548DF7-A07C-41BB-A589-50EF296837EC}"
EndProject
Project("{2150E333-8FDC-42A3-9474-1A3956D46DE8}") = "benchmarks", "benchmarks", "{0F5E1C71-66E0-4285-B861-184E5B6C841A}"
EndProject
Project("{9A19103F-16F7-4668-BE54-9A1E7A4F7556}") = "Mediator.Benchmarks", "benchmarks\Mediator.Benchmarks\Mediator.Benchmarks.csproj", "{A1E16465-9155-4957-BB97-ADCCF1648958}"
EndProject
Project("{2150E333-8FDC-42A3-9474-1A3956D46DE8}") = "ASPNET_CleanArchitecture", "ASPNET_CleanArchitecture", "{B0120C11-5024-491A-B3AD-821E1D2CD8F2}"
	ProjectSection(SolutionItems) = preProject
		samples\ASPNET_CleanArchitecture\README.md = samples\ASPNET_CleanArchitecture\README.md
	EndProjectSection
EndProject
Project("{9A19103F-16F7-4668-BE54-9A1E7A4F7556}") = "AspNetSample.Api", "samples\ASPNET_CleanArchitecture\AspNetSample.Api\AspNetSample.Api.csproj", "{05746941-ABD5-46C6-9E9A-9B107F6B0076}"
EndProject
Project("{9A19103F-16F7-4668-BE54-9A1E7A4F7556}") = "AspNetSample.Application", "samples\ASPNET_CleanArchitecture\AspNetSample.Application\AspNetSample.Application.csproj", "{BEF59A60-ED18-4F08-A0A4-F99D64F71E18}"
EndProject
Project("{9A19103F-16F7-4668-BE54-9A1E7A4F7556}") = "AspNetSample.Domain", "samples\ASPNET_CleanArchitecture\AspNetSample.Domain\AspNetSample.Domain.csproj", "{E98D92E0-2029-47D8-9EEE-E3A19DF9354A}"
EndProject
Project("{9A19103F-16F7-4668-BE54-9A1E7A4F7556}") = "Mediator.SourceGenerator.Tests", "test\Mediator.SourceGenerator.Tests\Mediator.SourceGenerator.Tests.csproj", "{A36EE34F-9EA1-460E-841F-C84BC603929B}"
EndProject
Project("{9A19103F-16F7-4668-BE54-9A1E7A4F7556}") = "SimpleConsoleAOT", "samples\SimpleConsoleAOT\SimpleConsoleAOT.csproj", "{45FC79C1-76EB-4B30-B54F-DD1762BA15EE}"
EndProject
Project("{9A19103F-16F7-4668-BE54-9A1E7A4F7556}") = "AspNetSample.Infrastructure", "samples\ASPNET_CleanArchitecture\AspNetSample.Infrastructure\AspNetSample.Infrastructure.csproj", "{CE5A582D-3CC6-44D7-AF3F-CD741BA53833}"
EndProject
Project("{9A19103F-16F7-4668-BE54-9A1E7A4F7556}") = "SimpleEndToEnd", "samples\SimpleEndToEnd\SimpleEndToEnd.csproj", "{B9E8DA69-C6FA-446F-B949-EF48856551D8}"
EndProject
Project("{2150E333-8FDC-42A3-9474-1A3956D46DE8}") = "Solution Files", "Solution Files", "{FDAEEFFB-30BC-4BC2-9E76-2F98D801FC34}"
	ProjectSection(SolutionItems) = preProject
		.editorconfig = .editorconfig
		.gitattributes = .gitattributes
		.gitignore = .gitignore
		Directory.Build.props = Directory.Build.props
		global.json = global.json
		LICENSE = LICENSE
		NuGet.config = NuGet.config
		README.md = README.md
		version.json = version.json
	EndProjectSection
EndProject
Project("{9A19103F-16F7-4668-BE54-9A1E7A4F7556}") = "Mediator.Tests.TransientLifetime", "test\Mediator.Tests.TransientLifetime\Mediator.Tests.TransientLifetime.csproj", "{4C18FD08-BCE4-4C6A-9D84-9A81C4561586}"
EndProject
Project("{9A19103F-16F7-4668-BE54-9A1E7A4F7556}") = "Mediator.Tests.ScopedLifetime", "test\Mediator.Tests.ScopedLifetime\Mediator.Tests.ScopedLifetime.csproj", "{6FC1A2EC-7178-4A3E-93DF-1ABDF09F4943}"
EndProject
Project("{FAE04EC0-301F-11D3-BF4B-00C04F79EFBC}") = "SimpleStreaming", "samples\SimpleStreaming\SimpleStreaming.csproj", "{D24BCAD4-0C17-40D0-8ADC-B8A5E8700047}"
EndProject
Global
	GlobalSection(SolutionConfigurationPlatforms) = preSolution
		Debug|Any CPU = Debug|Any CPU
		Debug|x64 = Debug|x64
		Debug|x86 = Debug|x86
		Release|Any CPU = Release|Any CPU
		Release|x64 = Release|x64
		Release|x86 = Release|x86
	EndGlobalSection
	GlobalSection(ProjectConfigurationPlatforms) = postSolution
		{D3F185A5-0145-4333-8CFF-548E3BD478DE}.Debug|Any CPU.ActiveCfg = Debug|Any CPU
		{D3F185A5-0145-4333-8CFF-548E3BD478DE}.Debug|Any CPU.Build.0 = Debug|Any CPU
		{D3F185A5-0145-4333-8CFF-548E3BD478DE}.Debug|x64.ActiveCfg = Debug|Any CPU
		{D3F185A5-0145-4333-8CFF-548E3BD478DE}.Debug|x64.Build.0 = Debug|Any CPU
		{D3F185A5-0145-4333-8CFF-548E3BD478DE}.Debug|x86.ActiveCfg = Debug|Any CPU
		{D3F185A5-0145-4333-8CFF-548E3BD478DE}.Debug|x86.Build.0 = Debug|Any CPU
		{D3F185A5-0145-4333-8CFF-548E3BD478DE}.Release|Any CPU.ActiveCfg = Release|Any CPU
		{D3F185A5-0145-4333-8CFF-548E3BD478DE}.Release|Any CPU.Build.0 = Release|Any CPU
		{D3F185A5-0145-4333-8CFF-548E3BD478DE}.Release|x64.ActiveCfg = Release|Any CPU
		{D3F185A5-0145-4333-8CFF-548E3BD478DE}.Release|x64.Build.0 = Release|Any CPU
		{D3F185A5-0145-4333-8CFF-548E3BD478DE}.Release|x86.ActiveCfg = Release|Any CPU
		{D3F185A5-0145-4333-8CFF-548E3BD478DE}.Release|x86.Build.0 = Release|Any CPU
		{488A6892-3435-4E72-9B74-A847F2E4197F}.Debug|Any CPU.ActiveCfg = Debug|Any CPU
		{488A6892-3435-4E72-9B74-A847F2E4197F}.Debug|Any CPU.Build.0 = Debug|Any CPU
		{488A6892-3435-4E72-9B74-A847F2E4197F}.Debug|x64.ActiveCfg = Debug|Any CPU
		{488A6892-3435-4E72-9B74-A847F2E4197F}.Debug|x64.Build.0 = Debug|Any CPU
		{488A6892-3435-4E72-9B74-A847F2E4197F}.Debug|x86.ActiveCfg = Debug|Any CPU
		{488A6892-3435-4E72-9B74-A847F2E4197F}.Debug|x86.Build.0 = Debug|Any CPU
		{488A6892-3435-4E72-9B74-A847F2E4197F}.Release|Any CPU.ActiveCfg = Release|Any CPU
		{488A6892-3435-4E72-9B74-A847F2E4197F}.Release|Any CPU.Build.0 = Release|Any CPU
		{488A6892-3435-4E72-9B74-A847F2E4197F}.Release|x64.ActiveCfg = Release|Any CPU
		{488A6892-3435-4E72-9B74-A847F2E4197F}.Release|x64.Build.0 = Release|Any CPU
		{488A6892-3435-4E72-9B74-A847F2E4197F}.Release|x86.ActiveCfg = Release|Any CPU
		{488A6892-3435-4E72-9B74-A847F2E4197F}.Release|x86.Build.0 = Release|Any CPU
		{DFB554A5-48A4-4C69-A857-1080B6CE89F9}.Debug|Any CPU.ActiveCfg = Debug|Any CPU
		{DFB554A5-48A4-4C69-A857-1080B6CE89F9}.Debug|Any CPU.Build.0 = Debug|Any CPU
		{DFB554A5-48A4-4C69-A857-1080B6CE89F9}.Debug|x64.ActiveCfg = Debug|Any CPU
		{DFB554A5-48A4-4C69-A857-1080B6CE89F9}.Debug|x64.Build.0 = Debug|Any CPU
		{DFB554A5-48A4-4C69-A857-1080B6CE89F9}.Debug|x86.ActiveCfg = Debug|Any CPU
		{DFB554A5-48A4-4C69-A857-1080B6CE89F9}.Debug|x86.Build.0 = Debug|Any CPU
		{DFB554A5-48A4-4C69-A857-1080B6CE89F9}.Release|Any CPU.ActiveCfg = Release|Any CPU
		{DFB554A5-48A4-4C69-A857-1080B6CE89F9}.Release|Any CPU.Build.0 = Release|Any CPU
		{DFB554A5-48A4-4C69-A857-1080B6CE89F9}.Release|x64.ActiveCfg = Release|Any CPU
		{DFB554A5-48A4-4C69-A857-1080B6CE89F9}.Release|x64.Build.0 = Release|Any CPU
		{DFB554A5-48A4-4C69-A857-1080B6CE89F9}.Release|x86.ActiveCfg = Release|Any CPU
		{DFB554A5-48A4-4C69-A857-1080B6CE89F9}.Release|x86.Build.0 = Release|Any CPU
		{75548DF7-A07C-41BB-A589-50EF296837EC}.Debug|Any CPU.ActiveCfg = Debug|Any CPU
		{75548DF7-A07C-41BB-A589-50EF296837EC}.Debug|Any CPU.Build.0 = Debug|Any CPU
		{75548DF7-A07C-41BB-A589-50EF296837EC}.Debug|x64.ActiveCfg = Debug|Any CPU
		{75548DF7-A07C-41BB-A589-50EF296837EC}.Debug|x64.Build.0 = Debug|Any CPU
		{75548DF7-A07C-41BB-A589-50EF296837EC}.Debug|x86.ActiveCfg = Debug|Any CPU
		{75548DF7-A07C-41BB-A589-50EF296837EC}.Debug|x86.Build.0 = Debug|Any CPU
		{75548DF7-A07C-41BB-A589-50EF296837EC}.Release|Any CPU.ActiveCfg = Release|Any CPU
		{75548DF7-A07C-41BB-A589-50EF296837EC}.Release|Any CPU.Build.0 = Release|Any CPU
		{75548DF7-A07C-41BB-A589-50EF296837EC}.Release|x64.ActiveCfg = Release|Any CPU
		{75548DF7-A07C-41BB-A589-50EF296837EC}.Release|x64.Build.0 = Release|Any CPU
		{75548DF7-A07C-41BB-A589-50EF296837EC}.Release|x86.ActiveCfg = Release|Any CPU
		{75548DF7-A07C-41BB-A589-50EF296837EC}.Release|x86.Build.0 = Release|Any CPU
		{A1E16465-9155-4957-BB97-ADCCF1648958}.Debug|Any CPU.ActiveCfg = Debug|Any CPU
		{A1E16465-9155-4957-BB97-ADCCF1648958}.Debug|Any CPU.Build.0 = Debug|Any CPU
		{A1E16465-9155-4957-BB97-ADCCF1648958}.Debug|x64.ActiveCfg = Debug|Any CPU
		{A1E16465-9155-4957-BB97-ADCCF1648958}.Debug|x64.Build.0 = Debug|Any CPU
		{A1E16465-9155-4957-BB97-ADCCF1648958}.Debug|x86.ActiveCfg = Debug|Any CPU
		{A1E16465-9155-4957-BB97-ADCCF1648958}.Debug|x86.Build.0 = Debug|Any CPU
		{A1E16465-9155-4957-BB97-ADCCF1648958}.Release|Any CPU.ActiveCfg = Release|Any CPU
		{A1E16465-9155-4957-BB97-ADCCF1648958}.Release|Any CPU.Build.0 = Release|Any CPU
		{A1E16465-9155-4957-BB97-ADCCF1648958}.Release|x64.ActiveCfg = Release|Any CPU
		{A1E16465-9155-4957-BB97-ADCCF1648958}.Release|x64.Build.0 = Release|Any CPU
		{A1E16465-9155-4957-BB97-ADCCF1648958}.Release|x86.ActiveCfg = Release|Any CPU
		{A1E16465-9155-4957-BB97-ADCCF1648958}.Release|x86.Build.0 = Release|Any CPU
		{05746941-ABD5-46C6-9E9A-9B107F6B0076}.Debug|Any CPU.ActiveCfg = Debug|Any CPU
		{05746941-ABD5-46C6-9E9A-9B107F6B0076}.Debug|Any CPU.Build.0 = Debug|Any CPU
		{05746941-ABD5-46C6-9E9A-9B107F6B0076}.Debug|x64.ActiveCfg = Debug|Any CPU
		{05746941-ABD5-46C6-9E9A-9B107F6B0076}.Debug|x64.Build.0 = Debug|Any CPU
		{05746941-ABD5-46C6-9E9A-9B107F6B0076}.Debug|x86.ActiveCfg = Debug|Any CPU
		{05746941-ABD5-46C6-9E9A-9B107F6B0076}.Debug|x86.Build.0 = Debug|Any CPU
		{05746941-ABD5-46C6-9E9A-9B107F6B0076}.Release|Any CPU.ActiveCfg = Release|Any CPU
		{05746941-ABD5-46C6-9E9A-9B107F6B0076}.Release|Any CPU.Build.0 = Release|Any CPU
		{05746941-ABD5-46C6-9E9A-9B107F6B0076}.Release|x64.ActiveCfg = Release|Any CPU
		{05746941-ABD5-46C6-9E9A-9B107F6B0076}.Release|x64.Build.0 = Release|Any CPU
		{05746941-ABD5-46C6-9E9A-9B107F6B0076}.Release|x86.ActiveCfg = Release|Any CPU
		{05746941-ABD5-46C6-9E9A-9B107F6B0076}.Release|x86.Build.0 = Release|Any CPU
		{BEF59A60-ED18-4F08-A0A4-F99D64F71E18}.Debug|Any CPU.ActiveCfg = Debug|Any CPU
		{BEF59A60-ED18-4F08-A0A4-F99D64F71E18}.Debug|Any CPU.Build.0 = Debug|Any CPU
		{BEF59A60-ED18-4F08-A0A4-F99D64F71E18}.Debug|x64.ActiveCfg = Debug|Any CPU
		{BEF59A60-ED18-4F08-A0A4-F99D64F71E18}.Debug|x64.Build.0 = Debug|Any CPU
		{BEF59A60-ED18-4F08-A0A4-F99D64F71E18}.Debug|x86.ActiveCfg = Debug|Any CPU
		{BEF59A60-ED18-4F08-A0A4-F99D64F71E18}.Debug|x86.Build.0 = Debug|Any CPU
		{BEF59A60-ED18-4F08-A0A4-F99D64F71E18}.Release|Any CPU.ActiveCfg = Release|Any CPU
		{BEF59A60-ED18-4F08-A0A4-F99D64F71E18}.Release|Any CPU.Build.0 = Release|Any CPU
		{BEF59A60-ED18-4F08-A0A4-F99D64F71E18}.Release|x64.ActiveCfg = Release|Any CPU
		{BEF59A60-ED18-4F08-A0A4-F99D64F71E18}.Release|x64.Build.0 = Release|Any CPU
		{BEF59A60-ED18-4F08-A0A4-F99D64F71E18}.Release|x86.ActiveCfg = Release|Any CPU
		{BEF59A60-ED18-4F08-A0A4-F99D64F71E18}.Release|x86.Build.0 = Release|Any CPU
		{E98D92E0-2029-47D8-9EEE-E3A19DF9354A}.Debug|Any CPU.ActiveCfg = Debug|Any CPU
		{E98D92E0-2029-47D8-9EEE-E3A19DF9354A}.Debug|Any CPU.Build.0 = Debug|Any CPU
		{E98D92E0-2029-47D8-9EEE-E3A19DF9354A}.Debug|x64.ActiveCfg = Debug|Any CPU
		{E98D92E0-2029-47D8-9EEE-E3A19DF9354A}.Debug|x64.Build.0 = Debug|Any CPU
		{E98D92E0-2029-47D8-9EEE-E3A19DF9354A}.Debug|x86.ActiveCfg = Debug|Any CPU
		{E98D92E0-2029-47D8-9EEE-E3A19DF9354A}.Debug|x86.Build.0 = Debug|Any CPU
		{E98D92E0-2029-47D8-9EEE-E3A19DF9354A}.Release|Any CPU.ActiveCfg = Release|Any CPU
		{E98D92E0-2029-47D8-9EEE-E3A19DF9354A}.Release|Any CPU.Build.0 = Release|Any CPU
		{E98D92E0-2029-47D8-9EEE-E3A19DF9354A}.Release|x64.ActiveCfg = Release|Any CPU
		{E98D92E0-2029-47D8-9EEE-E3A19DF9354A}.Release|x64.Build.0 = Release|Any CPU
		{E98D92E0-2029-47D8-9EEE-E3A19DF9354A}.Release|x86.ActiveCfg = Release|Any CPU
		{E98D92E0-2029-47D8-9EEE-E3A19DF9354A}.Release|x86.Build.0 = Release|Any CPU
		{A36EE34F-9EA1-460E-841F-C84BC603929B}.Debug|Any CPU.ActiveCfg = Debug|Any CPU
		{A36EE34F-9EA1-460E-841F-C84BC603929B}.Debug|Any CPU.Build.0 = Debug|Any CPU
		{A36EE34F-9EA1-460E-841F-C84BC603929B}.Debug|x64.ActiveCfg = Debug|Any CPU
		{A36EE34F-9EA1-460E-841F-C84BC603929B}.Debug|x64.Build.0 = Debug|Any CPU
		{A36EE34F-9EA1-460E-841F-C84BC603929B}.Debug|x86.ActiveCfg = Debug|Any CPU
		{A36EE34F-9EA1-460E-841F-C84BC603929B}.Debug|x86.Build.0 = Debug|Any CPU
		{A36EE34F-9EA1-460E-841F-C84BC603929B}.Release|Any CPU.ActiveCfg = Release|Any CPU
		{A36EE34F-9EA1-460E-841F-C84BC603929B}.Release|Any CPU.Build.0 = Release|Any CPU
		{A36EE34F-9EA1-460E-841F-C84BC603929B}.Release|x64.ActiveCfg = Release|Any CPU
		{A36EE34F-9EA1-460E-841F-C84BC603929B}.Release|x64.Build.0 = Release|Any CPU
		{A36EE34F-9EA1-460E-841F-C84BC603929B}.Release|x86.ActiveCfg = Release|Any CPU
		{A36EE34F-9EA1-460E-841F-C84BC603929B}.Release|x86.Build.0 = Release|Any CPU
		{45FC79C1-76EB-4B30-B54F-DD1762BA15EE}.Debug|Any CPU.ActiveCfg = Debug|Any CPU
		{45FC79C1-76EB-4B30-B54F-DD1762BA15EE}.Debug|Any CPU.Build.0 = Debug|Any CPU
		{45FC79C1-76EB-4B30-B54F-DD1762BA15EE}.Debug|x64.ActiveCfg = Debug|Any CPU
		{45FC79C1-76EB-4B30-B54F-DD1762BA15EE}.Debug|x64.Build.0 = Debug|Any CPU
		{45FC79C1-76EB-4B30-B54F-DD1762BA15EE}.Debug|x86.ActiveCfg = Debug|Any CPU
		{45FC79C1-76EB-4B30-B54F-DD1762BA15EE}.Debug|x86.Build.0 = Debug|Any CPU
		{45FC79C1-76EB-4B30-B54F-DD1762BA15EE}.Release|Any CPU.ActiveCfg = Release|Any CPU
		{45FC79C1-76EB-4B30-B54F-DD1762BA15EE}.Release|Any CPU.Build.0 = Release|Any CPU
		{45FC79C1-76EB-4B30-B54F-DD1762BA15EE}.Release|x64.ActiveCfg = Release|Any CPU
		{45FC79C1-76EB-4B30-B54F-DD1762BA15EE}.Release|x64.Build.0 = Release|Any CPU
		{45FC79C1-76EB-4B30-B54F-DD1762BA15EE}.Release|x86.ActiveCfg = Release|Any CPU
		{45FC79C1-76EB-4B30-B54F-DD1762BA15EE}.Release|x86.Build.0 = Release|Any CPU
		{CE5A582D-3CC6-44D7-AF3F-CD741BA53833}.Debug|Any CPU.ActiveCfg = Debug|Any CPU
		{CE5A582D-3CC6-44D7-AF3F-CD741BA53833}.Debug|Any CPU.Build.0 = Debug|Any CPU
		{CE5A582D-3CC6-44D7-AF3F-CD741BA53833}.Debug|x64.ActiveCfg = Debug|Any CPU
		{CE5A582D-3CC6-44D7-AF3F-CD741BA53833}.Debug|x64.Build.0 = Debug|Any CPU
		{CE5A582D-3CC6-44D7-AF3F-CD741BA53833}.Debug|x86.ActiveCfg = Debug|Any CPU
		{CE5A582D-3CC6-44D7-AF3F-CD741BA53833}.Debug|x86.Build.0 = Debug|Any CPU
		{CE5A582D-3CC6-44D7-AF3F-CD741BA53833}.Release|Any CPU.ActiveCfg = Release|Any CPU
		{CE5A582D-3CC6-44D7-AF3F-CD741BA53833}.Release|Any CPU.Build.0 = Release|Any CPU
		{CE5A582D-3CC6-44D7-AF3F-CD741BA53833}.Release|x64.ActiveCfg = Release|Any CPU
		{CE5A582D-3CC6-44D7-AF3F-CD741BA53833}.Release|x64.Build.0 = Release|Any CPU
		{CE5A582D-3CC6-44D7-AF3F-CD741BA53833}.Release|x86.ActiveCfg = Release|Any CPU
		{CE5A582D-3CC6-44D7-AF3F-CD741BA53833}.Release|x86.Build.0 = Release|Any CPU
		{B9E8DA69-C6FA-446F-B949-EF48856551D8}.Debug|Any CPU.ActiveCfg = Debug|Any CPU
		{B9E8DA69-C6FA-446F-B949-EF48856551D8}.Debug|Any CPU.Build.0 = Debug|Any CPU
		{B9E8DA69-C6FA-446F-B949-EF48856551D8}.Debug|x64.ActiveCfg = Debug|Any CPU
		{B9E8DA69-C6FA-446F-B949-EF48856551D8}.Debug|x64.Build.0 = Debug|Any CPU
		{B9E8DA69-C6FA-446F-B949-EF48856551D8}.Debug|x86.ActiveCfg = Debug|Any CPU
		{B9E8DA69-C6FA-446F-B949-EF48856551D8}.Debug|x86.Build.0 = Debug|Any CPU
		{B9E8DA69-C6FA-446F-B949-EF48856551D8}.Release|Any CPU.ActiveCfg = Release|Any CPU
		{B9E8DA69-C6FA-446F-B949-EF48856551D8}.Release|Any CPU.Build.0 = Release|Any CPU
		{B9E8DA69-C6FA-446F-B949-EF48856551D8}.Release|x64.ActiveCfg = Release|Any CPU
		{B9E8DA69-C6FA-446F-B949-EF48856551D8}.Release|x64.Build.0 = Release|Any CPU
		{B9E8DA69-C6FA-446F-B949-EF48856551D8}.Release|x86.ActiveCfg = Release|Any CPU
		{B9E8DA69-C6FA-446F-B949-EF48856551D8}.Release|x86.Build.0 = Release|Any CPU
		{4C18FD08-BCE4-4C6A-9D84-9A81C4561586}.Debug|Any CPU.ActiveCfg = Debug|Any CPU
		{4C18FD08-BCE4-4C6A-9D84-9A81C4561586}.Debug|Any CPU.Build.0 = Debug|Any CPU
		{4C18FD08-BCE4-4C6A-9D84-9A81C4561586}.Debug|x64.ActiveCfg = Debug|Any CPU
		{4C18FD08-BCE4-4C6A-9D84-9A81C4561586}.Debug|x64.Build.0 = Debug|Any CPU
		{4C18FD08-BCE4-4C6A-9D84-9A81C4561586}.Debug|x86.ActiveCfg = Debug|Any CPU
		{4C18FD08-BCE4-4C6A-9D84-9A81C4561586}.Debug|x86.Build.0 = Debug|Any CPU
		{4C18FD08-BCE4-4C6A-9D84-9A81C4561586}.Release|Any CPU.ActiveCfg = Release|Any CPU
		{4C18FD08-BCE4-4C6A-9D84-9A81C4561586}.Release|Any CPU.Build.0 = Release|Any CPU
		{4C18FD08-BCE4-4C6A-9D84-9A81C4561586}.Release|x64.ActiveCfg = Release|Any CPU
		{4C18FD08-BCE4-4C6A-9D84-9A81C4561586}.Release|x64.Build.0 = Release|Any CPU
		{4C18FD08-BCE4-4C6A-9D84-9A81C4561586}.Release|x86.ActiveCfg = Release|Any CPU
		{4C18FD08-BCE4-4C6A-9D84-9A81C4561586}.Release|x86.Build.0 = Release|Any CPU
		{6FC1A2EC-7178-4A3E-93DF-1ABDF09F4943}.Debug|Any CPU.ActiveCfg = Debug|Any CPU
		{6FC1A2EC-7178-4A3E-93DF-1ABDF09F4943}.Debug|Any CPU.Build.0 = Debug|Any CPU
		{6FC1A2EC-7178-4A3E-93DF-1ABDF09F4943}.Debug|x64.ActiveCfg = Debug|Any CPU
		{6FC1A2EC-7178-4A3E-93DF-1ABDF09F4943}.Debug|x64.Build.0 = Debug|Any CPU
		{6FC1A2EC-7178-4A3E-93DF-1ABDF09F4943}.Debug|x86.ActiveCfg = Debug|Any CPU
		{6FC1A2EC-7178-4A3E-93DF-1ABDF09F4943}.Debug|x86.Build.0 = Debug|Any CPU
		{6FC1A2EC-7178-4A3E-93DF-1ABDF09F4943}.Release|Any CPU.ActiveCfg = Release|Any CPU
		{6FC1A2EC-7178-4A3E-93DF-1ABDF09F4943}.Release|Any CPU.Build.0 = Release|Any CPU
		{6FC1A2EC-7178-4A3E-93DF-1ABDF09F4943}.Release|x64.ActiveCfg = Release|Any CPU
		{6FC1A2EC-7178-4A3E-93DF-1ABDF09F4943}.Release|x64.Build.0 = Release|Any CPU
		{6FC1A2EC-7178-4A3E-93DF-1ABDF09F4943}.Release|x86.ActiveCfg = Release|Any CPU
		{6FC1A2EC-7178-4A3E-93DF-1ABDF09F4943}.Release|x86.Build.0 = Release|Any CPU
		{D24BCAD4-0C17-40D0-8ADC-B8A5E8700047}.Debug|Any CPU.ActiveCfg = Debug|Any CPU
		{D24BCAD4-0C17-40D0-8ADC-B8A5E8700047}.Debug|Any CPU.Build.0 = Debug|Any CPU
		{D24BCAD4-0C17-40D0-8ADC-B8A5E8700047}.Debug|x64.ActiveCfg = Debug|Any CPU
		{D24BCAD4-0C17-40D0-8ADC-B8A5E8700047}.Debug|x64.Build.0 = Debug|Any CPU
		{D24BCAD4-0C17-40D0-8ADC-B8A5E8700047}.Debug|x86.ActiveCfg = Debug|Any CPU
		{D24BCAD4-0C17-40D0-8ADC-B8A5E8700047}.Debug|x86.Build.0 = Debug|Any CPU
		{D24BCAD4-0C17-40D0-8ADC-B8A5E8700047}.Release|Any CPU.ActiveCfg = Release|Any CPU
		{D24BCAD4-0C17-40D0-8ADC-B8A5E8700047}.Release|Any CPU.Build.0 = Release|Any CPU
		{D24BCAD4-0C17-40D0-8ADC-B8A5E8700047}.Release|x64.ActiveCfg = Release|Any CPU
		{D24BCAD4-0C17-40D0-8ADC-B8A5E8700047}.Release|x64.Build.0 = Release|Any CPU
		{D24BCAD4-0C17-40D0-8ADC-B8A5E8700047}.Release|x86.ActiveCfg = Release|Any CPU
		{D24BCAD4-0C17-40D0-8ADC-B8A5E8700047}.Release|x86.Build.0 = Release|Any CPU
	EndGlobalSection
	GlobalSection(SolutionProperties) = preSolution
		HideSolutionNode = FALSE
	EndGlobalSection
	GlobalSection(NestedProjects) = preSolution
		{D3F185A5-0145-4333-8CFF-548E3BD478DE} = {438C928E-FBB5-45B2-9CD2-7ED3341AC75E}
		{488A6892-3435-4E72-9B74-A847F2E4197F} = {ED1809FC-733B-4D9E-8FEE-70D3BB0BBD84}
		{DFB554A5-48A4-4C69-A857-1080B6CE89F9} = {438C928E-FBB5-45B2-9CD2-7ED3341AC75E}
		{75548DF7-A07C-41BB-A589-50EF296837EC} = {D3569CDD-7E19-429E-B9AD-75CC05F6C4AA}
		{A1E16465-9155-4957-BB97-ADCCF1648958} = {0F5E1C71-66E0-4285-B861-184E5B6C841A}
		{B0120C11-5024-491A-B3AD-821E1D2CD8F2} = {D3569CDD-7E19-429E-B9AD-75CC05F6C4AA}
		{05746941-ABD5-46C6-9E9A-9B107F6B0076} = {B0120C11-5024-491A-B3AD-821E1D2CD8F2}
		{BEF59A60-ED18-4F08-A0A4-F99D64F71E18} = {B0120C11-5024-491A-B3AD-821E1D2CD8F2}
		{E98D92E0-2029-47D8-9EEE-E3A19DF9354A} = {B0120C11-5024-491A-B3AD-821E1D2CD8F2}
		{A36EE34F-9EA1-460E-841F-C84BC603929B} = {ED1809FC-733B-4D9E-8FEE-70D3BB0BBD84}
		{45FC79C1-76EB-4B30-B54F-DD1762BA15EE} = {D3569CDD-7E19-429E-B9AD-75CC05F6C4AA}
		{CE5A582D-3CC6-44D7-AF3F-CD741BA53833} = {B0120C11-5024-491A-B3AD-821E1D2CD8F2}
		{B9E8DA69-C6FA-446F-B949-EF48856551D8} = {D3569CDD-7E19-429E-B9AD-75CC05F6C4AA}
		{4C18FD08-BCE4-4C6A-9D84-9A81C4561586} = {ED1809FC-733B-4D9E-8FEE-70D3BB0BBD84}
		{6FC1A2EC-7178-4A3E-93DF-1ABDF09F4943} = {ED1809FC-733B-4D9E-8FEE-70D3BB0BBD84}
		{D24BCAD4-0C17-40D0-8ADC-B8A5E8700047} = {D3569CDD-7E19-429E-B9AD-75CC05F6C4AA}
	EndGlobalSection
	GlobalSection(ExtensibilityGlobals) = postSolution
		SolutionGuid = {D45B5457-4190-49B6-BF89-7FA5F4C8ABE2}
	EndGlobalSection
EndGlobal
