
Microsoft Visual Studio Solution File, Format Version 12.00
# Visual Studio Version 16
VisualStudioVersion = 16.0.30114.105
MinimumVisualStudioVersion = 10.0.40219.1
Project("{FAE04EC0-301F-11D3-BF4B-00C04F79EFBC}") = "application", "application\application.csproj", "{C30EEC14-F843-49AE-B2CF-F36D9FA6309E}"
EndProject
Project("{FAE04EC0-301F-11D3-BF4B-00C04F79EFBC}") = "data", "data\data.csproj", "{5A26F036-496C-418F-BCFF-CF9041B10FD4}"
EndProject
Global
	GlobalSection(SolutionConfigurationPlatforms) = preSolution
		Debug|Any CPU = Debug|Any CPU
		Release|Any CPU = Release|Any CPU
	EndGlobalSection
	GlobalSection(SolutionProperties) = preSolution
		HideSolutionNode = FALSE
	EndGlobalSection
	GlobalSection(ProjectConfigurationPlatforms) = postSolution
		{C30EEC14-F843-49AE-B2CF-F36D9FA6309E}.Debug|Any CPU.ActiveCfg = Debug|Any CPU
		{C30EEC14-F843-49AE-B2CF-F36D9FA6309E}.Debug|Any CPU.Build.0 = Debug|Any CPU
		{C30EEC14-F843-49AE-B2CF-F36D9FA6309E}.Release|Any CPU.ActiveCfg = Release|Any CPU
		{C30EEC14-F843-49AE-B2CF-F36D9FA6309E}.Release|Any CPU.Build.0 = Release|Any CPU
		{5A26F036-496C-418F-BCFF-CF9041B10FD4}.Debug|Any CPU.ActiveCfg = Debug|Any CPU
		{5A26F036-496C-418F-BCFF-CF9041B10FD4}.Debug|Any CPU.Build.0 = Debug|Any CPU
		{5A26F036-496C-418F-BCFF-CF9041B10FD4}.Release|Any CPU.ActiveCfg = Release|Any CPU
		{5A26F036-496C-418F-BCFF-CF9041B10FD4}.Release|Any CPU.Build.0 = Release|Any CPU
	EndGlobalSection
EndGlobal
